
Microsoft Visual Studio Solution File, Format Version 12.00
# Visual Studio Version 17
VisualStudioVersion = 17.14.36623.8 d17.14
MinimumVisualStudioVersion = 10.0.40219.1
Project("{FAE04EC0-301F-11D3-BF4B-00C04F79EFBC}") = "AeroFly.Web", "AeroFly.Web\AeroFly.Web.csproj", "{0A256E05-43BC-44FA-8C9A-24E0833DBAA5}"
EndProject
Project("{FAE04EC0-301F-11D3-BF4B-00C04F79EFBC}") = "AeroFly.Web.Tests", "AeroFly.Web.Tests\AeroFly.Web.Tests.csproj", "{D67B1888-0BED-457A-AD50-ECE469CF3CA4}"
EndProject
Global
	GlobalSection(SolutionConfigurationPlatforms) = preSolution
		Debug|Any CPU = Debug|Any CPU
		Release|Any CPU = Release|Any CPU
	EndGlobalSection
	GlobalSection(ProjectConfigurationPlatforms) = postSolution
		{0A256E05-43BC-44FA-8C9A-24E0833DBAA5}.Debug|Any CPU.ActiveCfg = Debug|Any CPU
		{0A256E05-43BC-44FA-8C9A-24E0833DBAA5}.Debug|Any CPU.Build.0 = Debug|Any CPU
		{0A256E05-43BC-44FA-8C9A-24E0833DBAA5}.Release|Any CPU.ActiveCfg = Release|Any CPU
		{0A256E05-43BC-44FA-8C9A-24E0833DBAA5}.Release|Any CPU.Build.0 = Release|Any CPU
		{D67B1888-0BED-457A-AD50-ECE469CF3CA4}.Debug|Any CPU.ActiveCfg = Debug|Any CPU
		{D67B1888-0BED-457A-AD50-ECE469CF3CA4}.Debug|Any CPU.Build.0 = Debug|Any CPU
		{D67B1888-0BED-457A-AD50-ECE469CF3CA4}.Release|Any CPU.ActiveCfg = Release|Any CPU
		{D67B1888-0BED-457A-AD50-ECE469CF3CA4}.Release|Any CPU.Build.0 = Release|Any CPU
	EndGlobalSection
	GlobalSection(SolutionProperties) = preSolution
		HideSolutionNode = FALSE
	EndGlobalSection
	GlobalSection(ExtensibilityGlobals) = postSolution
		SolutionGuid = {60E0CF83-E1C0-4FAC-904F-2855AAD0059B}
	EndGlobalSection
EndGlobal
